
Microsoft Visual Studio Solution File, Format Version 12.00
# Visual Studio Version 16
VisualStudioVersion = 16.0.31229.75
MinimumVisualStudioVersion = 10.0.40219.1
Project("{9A19103F-16F7-4668-BE54-9A1E7A4F7556}") = "ConsoleApp", "ConsoleApp2\ConsoleApp.csproj", "{8F3FD587-623C-446D-B627-35331266C2F5}"
EndProject
Project("{FAE04EC0-301F-11D3-BF4B-00C04F79EFBC}") = "Testing.new.features.in.Console", "Testing new features in Console\Testing.new.features.in.Console.csproj", "{E752028A-6290-4459-AB6C-69AC716258DC}"
EndProject
Global
	GlobalSection(SolutionConfigurationPlatforms) = preSolution
		Debug|Any CPU = Debug|Any CPU
		Release|Any CPU = Release|Any CPU
	EndGlobalSection
	GlobalSection(ProjectConfigurationPlatforms) = postSolution
		{8F3FD587-623C-446D-B627-35331266C2F5}.Debug|Any CPU.ActiveCfg = Debug|Any CPU
		{8F3FD587-623C-446D-B627-35331266C2F5}.Debug|Any CPU.Build.0 = Debug|Any CPU
		{8F3FD587-623C-446D-B627-35331266C2F5}.Release|Any CPU.ActiveCfg = Release|Any CPU
		{8F3FD587-623C-446D-B627-35331266C2F5}.Release|Any CPU.Build.0 = Release|Any CPU
		{E752028A-6290-4459-AB6C-69AC716258DC}.Debug|Any CPU.ActiveCfg = Debug|Any CPU
		{E752028A-6290-4459-AB6C-69AC716258DC}.Debug|Any CPU.Build.0 = Debug|Any CPU
		{E752028A-6290-4459-AB6C-69AC716258DC}.Release|Any CPU.ActiveCfg = Release|Any CPU
		{E752028A-6290-4459-AB6C-69AC716258DC}.Release|Any CPU.Build.0 = Release|Any CPU
	EndGlobalSection
	GlobalSection(SolutionProperties) = preSolution
		HideSolutionNode = FALSE
	EndGlobalSection
	GlobalSection(ExtensibilityGlobals) = postSolution
		SolutionGuid = {CDE76E50-C29F-49D2-A6BD-A5A242B1CB0C}
	EndGlobalSection
EndGlobal
